
Microsoft Visual Studio Solution File, Format Version 12.00
# Visual Studio 14
VisualStudioVersion = 14.0.25420.1
MinimumVisualStudioVersion = 10.0.40219.1
Project("{FAE04EC0-301F-11D3-BF4B-00C04F79EFBC}") = "Assign3", "Assign3\Assign3\Assign3.csproj", "{45C531E3-C9B1-491A-AD42-EDBBBFD751BF}"
EndProject
Project("{FAE04EC0-301F-11D3-BF4B-00C04F79EFBC}") = "Assign3.Droid", "Assign3\Assign3.Droid\Assign3.Droid.csproj", "{295FF3A3-ED51-4F33-A5AB-8BF9D8952087}"
EndProject
Project("{FAE04EC0-301F-11D3-BF4B-00C04F79EFBC}") = "Assign3.iOS", "Assign3\Assign3.iOS\Assign3.iOS.csproj", "{3C778D4C-7CAE-4A66-8666-58E8D118DE98}"
EndProject
Project("{FAE04EC0-301F-11D3-BF4B-00C04F79EFBC}") = "Assign3.WinPhone", "Assign3\Assign3.WinPhone\Assign3.WinPhone.csproj", "{53A8EA4B-5073-43A8-92F1-FA31FC79CF4C}"
EndProject
Project("{FAE04EC0-301F-11D3-BF4B-00C04F79EFBC}") = "Assign3.UWP", "Assign3\Assign3.UWP\Assign3.UWP.csproj", "{6AA760B7-F718-46C2-B7DB-B406EC48F07C}"
EndProject
Project("{FAE04EC0-301F-11D3-BF4B-00C04F79EFBC}") = "Assign3.Windows", "Assign3\Assign3.Windows\Assign3.Windows.csproj", "{B828164D-3DB6-4060-B031-3C7D698C8B2F}"
EndProject
Global
	GlobalSection(SolutionConfigurationPlatforms) = preSolution
		Ad-Hoc|Any CPU = Ad-Hoc|Any CPU
		Ad-Hoc|ARM = Ad-Hoc|ARM
		Ad-Hoc|iPhone = Ad-Hoc|iPhone
		Ad-Hoc|iPhoneSimulator = Ad-Hoc|iPhoneSimulator
		Ad-Hoc|x64 = Ad-Hoc|x64
		Ad-Hoc|x86 = Ad-Hoc|x86
		AppStore|Any CPU = AppStore|Any CPU
		AppStore|ARM = AppStore|ARM
		AppStore|iPhone = AppStore|iPhone
		AppStore|iPhoneSimulator = AppStore|iPhoneSimulator
		AppStore|x64 = AppStore|x64
		AppStore|x86 = AppStore|x86
		Debug|Any CPU = Debug|Any CPU
		Debug|ARM = Debug|ARM
		Debug|iPhone = Debug|iPhone
		Debug|iPhoneSimulator = Debug|iPhoneSimulator
		Debug|x64 = Debug|x64
		Debug|x86 = Debug|x86
		Release|Any CPU = Release|Any CPU
		Release|ARM = Release|ARM
		Release|iPhone = Release|iPhone
		Release|iPhoneSimulator = Release|iPhoneSimulator
		Release|x64 = Release|x64
		Release|x86 = Release|x86
	EndGlobalSection
	GlobalSection(ProjectConfigurationPlatforms) = postSolution
		{45C531E3-C9B1-491A-AD42-EDBBBFD751BF}.Ad-Hoc|Any CPU.ActiveCfg = Release|Any CPU
		{45C531E3-C9B1-491A-AD42-EDBBBFD751BF}.Ad-Hoc|Any CPU.Build.0 = Release|Any CPU
		{45C531E3-C9B1-491A-AD42-EDBBBFD751BF}.Ad-Hoc|ARM.ActiveCfg = Release|Any CPU
		{45C531E3-C9B1-491A-AD42-EDBBBFD751BF}.Ad-Hoc|ARM.Build.0 = Release|Any CPU
		{45C531E3-C9B1-491A-AD42-EDBBBFD751BF}.Ad-Hoc|iPhone.ActiveCfg = Release|Any CPU
		{45C531E3-C9B1-491A-AD42-EDBBBFD751BF}.Ad-Hoc|iPhone.Build.0 = Release|Any CPU
		{45C531E3-C9B1-491A-AD42-EDBBBFD751BF}.Ad-Hoc|iPhoneSimulator.ActiveCfg = Release|Any CPU
		{45C531E3-C9B1-491A-AD42-EDBBBFD751BF}.Ad-Hoc|iPhoneSimulator.Build.0 = Release|Any CPU
		{45C531E3-C9B1-491A-AD42-EDBBBFD751BF}.Ad-Hoc|x64.ActiveCfg = Release|Any CPU
		{45C531E3-C9B1-491A-AD42-EDBBBFD751BF}.Ad-Hoc|x64.Build.0 = Release|Any CPU
		{45C531E3-C9B1-491A-AD42-EDBBBFD751BF}.Ad-Hoc|x86.ActiveCfg = Release|Any CPU
		{45C531E3-C9B1-491A-AD42-EDBBBFD751BF}.Ad-Hoc|x86.Build.0 = Release|Any CPU
		{45C531E3-C9B1-491A-AD42-EDBBBFD751BF}.AppStore|Any CPU.ActiveCfg = Release|Any CPU
		{45C531E3-C9B1-491A-AD42-EDBBBFD751BF}.AppStore|Any CPU.Build.0 = Release|Any CPU
		{45C531E3-C9B1-491A-AD42-EDBBBFD751BF}.AppStore|ARM.ActiveCfg = Release|Any CPU
		{45C531E3-C9B1-491A-AD42-EDBBBFD751BF}.AppStore|ARM.Build.0 = Release|Any CPU
		{45C531E3-C9B1-491A-AD42-EDBBBFD751BF}.AppStore|iPhone.ActiveCfg = Release|Any CPU
		{45C531E3-C9B1-491A-AD42-EDBBBFD751BF}.AppStore|iPhone.Build.0 = Release|Any CPU
		{45C531E3-C9B1-491A-AD42-EDBBBFD751BF}.AppStore|iPhoneSimulator.ActiveCfg = Release|Any CPU
		{45C531E3-C9B1-491A-AD42-EDBBBFD751BF}.AppStore|iPhoneSimulator.Build.0 = Release|Any CPU
		{45C531E3-C9B1-491A-AD42-EDBBBFD751BF}.AppStore|x64.ActiveCfg = Release|Any CPU
		{45C531E3-C9B1-491A-AD42-EDBBBFD751BF}.AppStore|x64.Build.0 = Release|Any CPU
		{45C531E3-C9B1-491A-AD42-EDBBBFD751BF}.AppStore|x86.ActiveCfg = Release|Any CPU
		{45C531E3-C9B1-491A-AD42-EDBBBFD751BF}.AppStore|x86.Build.0 = Release|Any CPU
		{45C531E3-C9B1-491A-AD42-EDBBBFD751BF}.Debug|Any CPU.ActiveCfg = Debug|Any CPU
		{45C531E3-C9B1-491A-AD42-EDBBBFD751BF}.Debug|Any CPU.Build.0 = Debug|Any CPU
		{45C531E3-C9B1-491A-AD42-EDBBBFD751BF}.Debug|ARM.ActiveCfg = Debug|Any CPU
		{45C531E3-C9B1-491A-AD42-EDBBBFD751BF}.Debug|ARM.Build.0 = Debug|Any CPU
		{45C531E3-C9B1-491A-AD42-EDBBBFD751BF}.Debug|iPhone.ActiveCfg = Debug|Any CPU
		{45C531E3-C9B1-491A-AD42-EDBBBFD751BF}.Debug|iPhone.Build.0 = Debug|Any CPU
		{45C531E3-C9B1-491A-AD42-EDBBBFD751BF}.Debug|iPhoneSimulator.ActiveCfg = Debug|Any CPU
		{45C531E3-C9B1-491A-AD42-EDBBBFD751BF}.Debug|iPhoneSimulator.Build.0 = Debug|Any CPU
		{45C531E3-C9B1-491A-AD42-EDBBBFD751BF}.Debug|x64.ActiveCfg = Debug|Any CPU
		{45C531E3-C9B1-491A-AD42-EDBBBFD751BF}.Debug|x64.Build.0 = Debug|Any CPU
		{45C531E3-C9B1-491A-AD42-EDBBBFD751BF}.Debug|x86.ActiveCfg = Debug|Any CPU
		{45C531E3-C9B1-491A-AD42-EDBBBFD751BF}.Debug|x86.Build.0 = Debug|Any CPU
		{45C531E3-C9B1-491A-AD42-EDBBBFD751BF}.Release|Any CPU.ActiveCfg = Release|Any CPU
		{45C531E3-C9B1-491A-AD42-EDBBBFD751BF}.Release|Any CPU.Build.0 = Release|Any CPU
		{45C531E3-C9B1-491A-AD42-EDBBBFD751BF}.Release|ARM.ActiveCfg = Release|Any CPU
		{45C531E3-C9B1-491A-AD42-EDBBBFD751BF}.Release|ARM.Build.0 = Release|Any CPU
		{45C531E3-C9B1-491A-AD42-EDBBBFD751BF}.Release|iPhone.ActiveCfg = Release|Any CPU
		{45C531E3-C9B1-491A-AD42-EDBBBFD751BF}.Release|iPhone.Build.0 = Release|Any CPU
		{45C531E3-C9B1-491A-AD42-EDBBBFD751BF}.Release|iPhoneSimulator.ActiveCfg = Release|Any CPU
		{45C531E3-C9B1-491A-AD42-EDBBBFD751BF}.Release|iPhoneSimulator.Build.0 = Release|Any CPU
		{45C531E3-C9B1-491A-AD42-EDBBBFD751BF}.Release|x64.ActiveCfg = Release|Any CPU
		{45C531E3-C9B1-491A-AD42-EDBBBFD751BF}.Release|x64.Build.0 = Release|Any CPU
		{45C531E3-C9B1-491A-AD42-EDBBBFD751BF}.Release|x86.ActiveCfg = Release|Any CPU
		{45C531E3-C9B1-491A-AD42-EDBBBFD751BF}.Release|x86.Build.0 = Release|Any CPU
		{295FF3A3-ED51-4F33-A5AB-8BF9D8952087}.Ad-Hoc|Any CPU.ActiveCfg = Release|Any CPU
		{295FF3A3-ED51-4F33-A5AB-8BF9D8952087}.Ad-Hoc|Any CPU.Build.0 = Release|Any CPU
		{295FF3A3-ED51-4F33-A5AB-8BF9D8952087}.Ad-Hoc|Any CPU.Deploy.0 = Release|Any CPU
		{295FF3A3-ED51-4F33-A5AB-8BF9D8952087}.Ad-Hoc|ARM.ActiveCfg = Release|Any CPU
		{295FF3A3-ED51-4F33-A5AB-8BF9D8952087}.Ad-Hoc|ARM.Build.0 = Release|Any CPU
		{295FF3A3-ED51-4F33-A5AB-8BF9D8952087}.Ad-Hoc|ARM.Deploy.0 = Release|Any CPU
		{295FF3A3-ED51-4F33-A5AB-8BF9D8952087}.Ad-Hoc|iPhone.ActiveCfg = Release|Any CPU
		{295FF3A3-ED51-4F33-A5AB-8BF9D8952087}.Ad-Hoc|iPhone.Build.0 = Release|Any CPU
		{295FF3A3-ED51-4F33-A5AB-8BF9D8952087}.Ad-Hoc|iPhone.Deploy.0 = Release|Any CPU
		{295FF3A3-ED51-4F33-A5AB-8BF9D8952087}.Ad-Hoc|iPhoneSimulator.ActiveCfg = Release|Any CPU
		{295FF3A3-ED51-4F33-A5AB-8BF9D8952087}.Ad-Hoc|iPhoneSimulator.Build.0 = Release|Any CPU
		{295FF3A3-ED51-4F33-A5AB-8BF9D8952087}.Ad-Hoc|iPhoneSimulator.Deploy.0 = Release|Any CPU
		{295FF3A3-ED51-4F33-A5AB-8BF9D8952087}.Ad-Hoc|x64.ActiveCfg = Release|Any CPU
		{295FF3A3-ED51-4F33-A5AB-8BF9D8952087}.Ad-Hoc|x64.Build.0 = Release|Any CPU
		{295FF3A3-ED51-4F33-A5AB-8BF9D8952087}.Ad-Hoc|x64.Deploy.0 = Release|Any CPU
		{295FF3A3-ED51-4F33-A5AB-8BF9D8952087}.Ad-Hoc|x86.ActiveCfg = Release|Any CPU
		{295FF3A3-ED51-4F33-A5AB-8BF9D8952087}.Ad-Hoc|x86.Build.0 = Release|Any CPU
		{295FF3A3-ED51-4F33-A5AB-8BF9D8952087}.Ad-Hoc|x86.Deploy.0 = Release|Any CPU
		{295FF3A3-ED51-4F33-A5AB-8BF9D8952087}.AppStore|Any CPU.ActiveCfg = Release|Any CPU
		{295FF3A3-ED51-4F33-A5AB-8BF9D8952087}.AppStore|Any CPU.Build.0 = Release|Any CPU
		{295FF3A3-ED51-4F33-A5AB-8BF9D8952087}.AppStore|Any CPU.Deploy.0 = Release|Any CPU
		{295FF3A3-ED51-4F33-A5AB-8BF9D8952087}.AppStore|ARM.ActiveCfg = Release|Any CPU
		{295FF3A3-ED51-4F33-A5AB-8BF9D8952087}.AppStore|ARM.Build.0 = Release|Any CPU
		{295FF3A3-ED51-4F33-A5AB-8BF9D8952087}.AppStore|ARM.Deploy.0 = Release|Any CPU
		{295FF3A3-ED51-4F33-A5AB-8BF9D8952087}.AppStore|iPhone.ActiveCfg = Release|Any CPU
		{295FF3A3-ED51-4F33-A5AB-8BF9D8952087}.AppStore|iPhone.Build.0 = Release|Any CPU
		{295FF3A3-ED51-4F33-A5AB-8BF9D8952087}.AppStore|iPhone.Deploy.0 = Release|Any CPU
		{295FF3A3-ED51-4F33-A5AB-8BF9D8952087}.AppStore|iPhoneSimulator.ActiveCfg = Release|Any CPU
		{295FF3A3-ED51-4F33-A5AB-8BF9D8952087}.AppStore|iPhoneSimulator.Build.0 = Release|Any CPU
		{295FF3A3-ED51-4F33-A5AB-8BF9D8952087}.AppStore|iPhoneSimulator.Deploy.0 = Release|Any CPU
		{295FF3A3-ED51-4F33-A5AB-8BF9D8952087}.AppStore|x64.ActiveCfg = Release|Any CPU
		{295FF3A3-ED51-4F33-A5AB-8BF9D8952087}.AppStore|x64.Build.0 = Release|Any CPU
		{295FF3A3-ED51-4F33-A5AB-8BF9D8952087}.AppStore|x64.Deploy.0 = Release|Any CPU
		{295FF3A3-ED51-4F33-A5AB-8BF9D8952087}.AppStore|x86.ActiveCfg = Release|Any CPU
		{295FF3A3-ED51-4F33-A5AB-8BF9D8952087}.AppStore|x86.Build.0 = Release|Any CPU
		{295FF3A3-ED51-4F33-A5AB-8BF9D8952087}.AppStore|x86.Deploy.0 = Release|Any CPU
		{295FF3A3-ED51-4F33-A5AB-8BF9D8952087}.Debug|Any CPU.ActiveCfg = Debug|Any CPU
		{295FF3A3-ED51-4F33-A5AB-8BF9D8952087}.Debug|Any CPU.Build.0 = Debug|Any CPU
		{295FF3A3-ED51-4F33-A5AB-8BF9D8952087}.Debug|Any CPU.Deploy.0 = Debug|Any CPU
		{295FF3A3-ED51-4F33-A5AB-8BF9D8952087}.Debug|ARM.ActiveCfg = Debug|Any CPU
		{295FF3A3-ED51-4F33-A5AB-8BF9D8952087}.Debug|ARM.Build.0 = Debug|Any CPU
		{295FF3A3-ED51-4F33-A5AB-8BF9D8952087}.Debug|ARM.Deploy.0 = Debug|Any CPU
		{295FF3A3-ED51-4F33-A5AB-8BF9D8952087}.Debug|iPhone.ActiveCfg = Debug|Any CPU
		{295FF3A3-ED51-4F33-A5AB-8BF9D8952087}.Debug|iPhone.Build.0 = Debug|Any CPU
		{295FF3A3-ED51-4F33-A5AB-8BF9D8952087}.Debug|iPhone.Deploy.0 = Debug|Any CPU
		{295FF3A3-ED51-4F33-A5AB-8BF9D8952087}.Debug|iPhoneSimulator.ActiveCfg = Debug|Any CPU
		{295FF3A3-ED51-4F33-A5AB-8BF9D8952087}.Debug|iPhoneSimulator.Build.0 = Debug|Any CPU
		{295FF3A3-ED51-4F33-A5AB-8BF9D8952087}.Debug|iPhoneSimulator.Deploy.0 = Debug|Any CPU
		{295FF3A3-ED51-4F33-A5AB-8BF9D8952087}.Debug|x64.ActiveCfg = Debug|Any CPU
		{295FF3A3-ED51-4F33-A5AB-8BF9D8952087}.Debug|x64.Build.0 = Debug|Any CPU
		{295FF3A3-ED51-4F33-A5AB-8BF9D8952087}.Debug|x64.Deploy.0 = Debug|Any CPU
		{295FF3A3-ED51-4F33-A5AB-8BF9D8952087}.Debug|x86.ActiveCfg = Debug|Any CPU
		{295FF3A3-ED51-4F33-A5AB-8BF9D8952087}.Debug|x86.Build.0 = Debug|Any CPU
		{295FF3A3-ED51-4F33-A5AB-8BF9D8952087}.Debug|x86.Deploy.0 = Debug|Any CPU
		{295FF3A3-ED51-4F33-A5AB-8BF9D8952087}.Release|Any CPU.ActiveCfg = Release|Any CPU
		{295FF3A3-ED51-4F33-A5AB-8BF9D8952087}.Release|Any CPU.Build.0 = Release|Any CPU
		{295FF3A3-ED51-4F33-A5AB-8BF9D8952087}.Release|Any CPU.Deploy.0 = Release|Any CPU
		{295FF3A3-ED51-4F33-A5AB-8BF9D8952087}.Release|ARM.ActiveCfg = Release|Any CPU
		{295FF3A3-ED51-4F33-A5AB-8BF9D8952087}.Release|ARM.Build.0 = Release|Any CPU
		{295FF3A3-ED51-4F33-A5AB-8BF9D8952087}.Release|ARM.Deploy.0 = Release|Any CPU
		{295FF3A3-ED51-4F33-A5AB-8BF9D8952087}.Release|iPhone.ActiveCfg = Release|Any CPU
		{295FF3A3-ED51-4F33-A5AB-8BF9D8952087}.Release|iPhone.Build.0 = Release|Any CPU
		{295FF3A3-ED51-4F33-A5AB-8BF9D8952087}.Release|iPhone.Deploy.0 = Release|Any CPU
		{295FF3A3-ED51-4F33-A5AB-8BF9D8952087}.Release|iPhoneSimulator.ActiveCfg = Release|Any CPU
		{295FF3A3-ED51-4F33-A5AB-8BF9D8952087}.Release|iPhoneSimulator.Build.0 = Release|Any CPU
		{295FF3A3-ED51-4F33-A5AB-8BF9D8952087}.Release|iPhoneSimulator.Deploy.0 = Release|Any CPU
		{295FF3A3-ED51-4F33-A5AB-8BF9D8952087}.Release|x64.ActiveCfg = Release|Any CPU
		{295FF3A3-ED51-4F33-A5AB-8BF9D8952087}.Release|x64.Build.0 = Release|Any CPU
		{295FF3A3-ED51-4F33-A5AB-8BF9D8952087}.Release|x64.Deploy.0 = Release|Any CPU
		{295FF3A3-ED51-4F33-A5AB-8BF9D8952087}.Release|x86.ActiveCfg = Release|Any CPU
		{295FF3A3-ED51-4F33-A5AB-8BF9D8952087}.Release|x86.Build.0 = Release|Any CPU
		{295FF3A3-ED51-4F33-A5AB-8BF9D8952087}.Release|x86.Deploy.0 = Release|Any CPU
		{3C778D4C-7CAE-4A66-8666-58E8D118DE98}.Ad-Hoc|Any CPU.ActiveCfg = Ad-Hoc|iPhone
		{3C778D4C-7CAE-4A66-8666-58E8D118DE98}.Ad-Hoc|ARM.ActiveCfg = Ad-Hoc|iPhone
		{3C778D4C-7CAE-4A66-8666-58E8D118DE98}.Ad-Hoc|iPhone.ActiveCfg = Ad-Hoc|iPhone
		{3C778D4C-7CAE-4A66-8666-58E8D118DE98}.Ad-Hoc|iPhone.Build.0 = Ad-Hoc|iPhone
		{3C778D4C-7CAE-4A66-8666-58E8D118DE98}.Ad-Hoc|iPhoneSimulator.ActiveCfg = Ad-Hoc|iPhoneSimulator
		{3C778D4C-7CAE-4A66-8666-58E8D118DE98}.Ad-Hoc|iPhoneSimulator.Build.0 = Ad-Hoc|iPhoneSimulator
		{3C778D4C-7CAE-4A66-8666-58E8D118DE98}.Ad-Hoc|x64.ActiveCfg = Ad-Hoc|iPhone
		{3C778D4C-7CAE-4A66-8666-58E8D118DE98}.Ad-Hoc|x86.ActiveCfg = Ad-Hoc|iPhone
		{3C778D4C-7CAE-4A66-8666-58E8D118DE98}.AppStore|Any CPU.ActiveCfg = AppStore|iPhone
		{3C778D4C-7CAE-4A66-8666-58E8D118DE98}.AppStore|ARM.ActiveCfg = AppStore|iPhone
		{3C778D4C-7CAE-4A66-8666-58E8D118DE98}.AppStore|iPhone.ActiveCfg = AppStore|iPhone
		{3C778D4C-7CAE-4A66-8666-58E8D118DE98}.AppStore|iPhone.Build.0 = AppStore|iPhone
		{3C778D4C-7CAE-4A66-8666-58E8D118DE98}.AppStore|iPhoneSimulator.ActiveCfg = AppStore|iPhoneSimulator
		{3C778D4C-7CAE-4A66-8666-58E8D118DE98}.AppStore|iPhoneSimulator.Build.0 = AppStore|iPhoneSimulator
		{3C778D4C-7CAE-4A66-8666-58E8D118DE98}.AppStore|x64.ActiveCfg = AppStore|iPhone
		{3C778D4C-7CAE-4A66-8666-58E8D118DE98}.AppStore|x86.ActiveCfg = AppStore|iPhone
		{3C778D4C-7CAE-4A66-8666-58E8D118DE98}.Debug|Any CPU.ActiveCfg = Debug|iPhone
		{3C778D4C-7CAE-4A66-8666-58E8D118DE98}.Debug|ARM.ActiveCfg = Debug|iPhone
		{3C778D4C-7CAE-4A66-8666-58E8D118DE98}.Debug|iPhone.ActiveCfg = Debug|iPhone
		{3C778D4C-7CAE-4A66-8666-58E8D118DE98}.Debug|iPhone.Build.0 = Debug|iPhone
		{3C778D4C-7CAE-4A66-8666-58E8D118DE98}.Debug|iPhoneSimulator.ActiveCfg = Debug|iPhoneSimulator
		{3C778D4C-7CAE-4A66-8666-58E8D118DE98}.Debug|iPhoneSimulator.Build.0 = Debug|iPhoneSimulator
		{3C778D4C-7CAE-4A66-8666-58E8D118DE98}.Debug|x64.ActiveCfg = Debug|iPhone
		{3C778D4C-7CAE-4A66-8666-58E8D118DE98}.Debug|x86.ActiveCfg = Debug|iPhone
		{3C778D4C-7CAE-4A66-8666-58E8D118DE98}.Release|Any CPU.ActiveCfg = Release|iPhone
		{3C778D4C-7CAE-4A66-8666-58E8D118DE98}.Release|ARM.ActiveCfg = Release|iPhone
		{3C778D4C-7CAE-4A66-8666-58E8D118DE98}.Release|iPhone.ActiveCfg = Release|iPhone
		{3C778D4C-7CAE-4A66-8666-58E8D118DE98}.Release|iPhone.Build.0 = Release|iPhone
		{3C778D4C-7CAE-4A66-8666-58E8D118DE98}.Release|iPhoneSimulator.ActiveCfg = Release|iPhoneSimulator
		{3C778D4C-7CAE-4A66-8666-58E8D118DE98}.Release|iPhoneSimulator.Build.0 = Release|iPhoneSimulator
		{3C778D4C-7CAE-4A66-8666-58E8D118DE98}.Release|x64.ActiveCfg = Release|iPhone
		{3C778D4C-7CAE-4A66-8666-58E8D118DE98}.Release|x86.ActiveCfg = Release|iPhone
		{53A8EA4B-5073-43A8-92F1-FA31FC79CF4C}.Ad-Hoc|Any CPU.ActiveCfg = Release|Any CPU
		{53A8EA4B-5073-43A8-92F1-FA31FC79CF4C}.Ad-Hoc|Any CPU.Build.0 = Release|Any CPU
		{53A8EA4B-5073-43A8-92F1-FA31FC79CF4C}.Ad-Hoc|Any CPU.Deploy.0 = Release|Any CPU
		{53A8EA4B-5073-43A8-92F1-FA31FC79CF4C}.Ad-Hoc|ARM.ActiveCfg = Release|ARM
		{53A8EA4B-5073-43A8-92F1-FA31FC79CF4C}.Ad-Hoc|ARM.Build.0 = Release|ARM
		{53A8EA4B-5073-43A8-92F1-FA31FC79CF4C}.Ad-Hoc|ARM.Deploy.0 = Release|ARM
		{53A8EA4B-5073-43A8-92F1-FA31FC79CF4C}.Ad-Hoc|iPhone.ActiveCfg = Release|Any CPU
		{53A8EA4B-5073-43A8-92F1-FA31FC79CF4C}.Ad-Hoc|iPhone.Build.0 = Release|Any CPU
		{53A8EA4B-5073-43A8-92F1-FA31FC79CF4C}.Ad-Hoc|iPhone.Deploy.0 = Release|Any CPU
		{53A8EA4B-5073-43A8-92F1-FA31FC79CF4C}.Ad-Hoc|iPhoneSimulator.ActiveCfg = Release|Any CPU
		{53A8EA4B-5073-43A8-92F1-FA31FC79CF4C}.Ad-Hoc|iPhoneSimulator.Build.0 = Release|Any CPU
		{53A8EA4B-5073-43A8-92F1-FA31FC79CF4C}.Ad-Hoc|iPhoneSimulator.Deploy.0 = Release|Any CPU
		{53A8EA4B-5073-43A8-92F1-FA31FC79CF4C}.Ad-Hoc|x64.ActiveCfg = Release|Any CPU
		{53A8EA4B-5073-43A8-92F1-FA31FC79CF4C}.Ad-Hoc|x64.Build.0 = Release|Any CPU
		{53A8EA4B-5073-43A8-92F1-FA31FC79CF4C}.Ad-Hoc|x64.Deploy.0 = Release|Any CPU
		{53A8EA4B-5073-43A8-92F1-FA31FC79CF4C}.Ad-Hoc|x86.ActiveCfg = Release|x86
		{53A8EA4B-5073-43A8-92F1-FA31FC79CF4C}.Ad-Hoc|x86.Build.0 = Release|x86
		{53A8EA4B-5073-43A8-92F1-FA31FC79CF4C}.Ad-Hoc|x86.Deploy.0 = Release|x86
		{53A8EA4B-5073-43A8-92F1-FA31FC79CF4C}.AppStore|Any CPU.ActiveCfg = Release|Any CPU
		{53A8EA4B-5073-43A8-92F1-FA31FC79CF4C}.AppStore|Any CPU.Build.0 = Release|Any CPU
		{53A8EA4B-5073-43A8-92F1-FA31FC79CF4C}.AppStore|Any CPU.Deploy.0 = Release|Any CPU
		{53A8EA4B-5073-43A8-92F1-FA31FC79CF4C}.AppStore|ARM.ActiveCfg = Release|ARM
		{53A8EA4B-5073-43A8-92F1-FA31FC79CF4C}.AppStore|ARM.Build.0 = Release|ARM
		{53A8EA4B-5073-43A8-92F1-FA31FC79CF4C}.AppStore|ARM.Deploy.0 = Release|ARM
		{53A8EA4B-5073-43A8-92F1-FA31FC79CF4C}.AppStore|iPhone.ActiveCfg = Release|Any CPU
		{53A8EA4B-5073-43A8-92F1-FA31FC79CF4C}.AppStore|iPhone.Build.0 = Release|Any CPU
		{53A8EA4B-5073-43A8-92F1-FA31FC79CF4C}.AppStore|iPhone.Deploy.0 = Release|Any CPU
		{53A8EA4B-5073-43A8-92F1-FA31FC79CF4C}.AppStore|iPhoneSimulator.ActiveCfg = Release|Any CPU
		{53A8EA4B-5073-43A8-92F1-FA31FC79CF4C}.AppStore|iPhoneSimulator.Build.0 = Release|Any CPU
		{53A8EA4B-5073-43A8-92F1-FA31FC79CF4C}.AppStore|iPhoneSimulator.Deploy.0 = Release|Any CPU
		{53A8EA4B-5073-43A8-92F1-FA31FC79CF4C}.AppStore|x64.ActiveCfg = Release|Any CPU
		{53A8EA4B-5073-43A8-92F1-FA31FC79CF4C}.AppStore|x64.Build.0 = Release|Any CPU
		{53A8EA4B-5073-43A8-92F1-FA31FC79CF4C}.AppStore|x64.Deploy.0 = Release|Any CPU
		{53A8EA4B-5073-43A8-92F1-FA31FC79CF4C}.AppStore|x86.ActiveCfg = Release|x86
		{53A8EA4B-5073-43A8-92F1-FA31FC79CF4C}.AppStore|x86.Build.0 = Release|x86
		{53A8EA4B-5073-43A8-92F1-FA31FC79CF4C}.AppStore|x86.Deploy.0 = Release|x86
		{53A8EA4B-5073-43A8-92F1-FA31FC79CF4C}.Debug|Any CPU.ActiveCfg = Debug|Any CPU
		{53A8EA4B-5073-43A8-92F1-FA31FC79CF4C}.Debug|Any CPU.Build.0 = Debug|Any CPU
		{53A8EA4B-5073-43A8-92F1-FA31FC79CF4C}.Debug|Any CPU.Deploy.0 = Debug|Any CPU
		{53A8EA4B-5073-43A8-92F1-FA31FC79CF4C}.Debug|ARM.ActiveCfg = Debug|ARM
		{53A8EA4B-5073-43A8-92F1-FA31FC79CF4C}.Debug|ARM.Build.0 = Debug|ARM
		{53A8EA4B-5073-43A8-92F1-FA31FC79CF4C}.Debug|ARM.Deploy.0 = Debug|ARM
		{53A8EA4B-5073-43A8-92F1-FA31FC79CF4C}.Debug|iPhone.ActiveCfg = Debug|Any CPU
		{53A8EA4B-5073-43A8-92F1-FA31FC79CF4C}.Debug|iPhone.Build.0 = Debug|Any CPU
		{53A8EA4B-5073-43A8-92F1-FA31FC79CF4C}.Debug|iPhone.Deploy.0 = Debug|Any CPU
		{53A8EA4B-5073-43A8-92F1-FA31FC79CF4C}.Debug|iPhoneSimulator.ActiveCfg = Debug|Any CPU
		{53A8EA4B-5073-43A8-92F1-FA31FC79CF4C}.Debug|iPhoneSimulator.Build.0 = Debug|Any CPU
		{53A8EA4B-5073-43A8-92F1-FA31FC79CF4C}.Debug|iPhoneSimulator.Deploy.0 = Debug|Any CPU
		{53A8EA4B-5073-43A8-92F1-FA31FC79CF4C}.Debug|x64.ActiveCfg = Debug|Any CPU
		{53A8EA4B-5073-43A8-92F1-FA31FC79CF4C}.Debug|x64.Build.0 = Debug|Any CPU
		{53A8EA4B-5073-43A8-92F1-FA31FC79CF4C}.Debug|x64.Deploy.0 = Debug|Any CPU
		{53A8EA4B-5073-43A8-92F1-FA31FC79CF4C}.Debug|x86.ActiveCfg = Debug|x86
		{53A8EA4B-5073-43A8-92F1-FA31FC79CF4C}.Debug|x86.Build.0 = Debug|x86
		{53A8EA4B-5073-43A8-92F1-FA31FC79CF4C}.Debug|x86.Deploy.0 = Debug|x86
		{53A8EA4B-5073-43A8-92F1-FA31FC79CF4C}.Release|Any CPU.ActiveCfg = Release|Any CPU
		{53A8EA4B-5073-43A8-92F1-FA31FC79CF4C}.Release|Any CPU.Build.0 = Release|Any CPU
		{53A8EA4B-5073-43A8-92F1-FA31FC79CF4C}.Release|Any CPU.Deploy.0 = Release|Any CPU
		{53A8EA4B-5073-43A8-92F1-FA31FC79CF4C}.Release|ARM.ActiveCfg = Release|ARM
		{53A8EA4B-5073-43A8-92F1-FA31FC79CF4C}.Release|ARM.Build.0 = Release|ARM
		{53A8EA4B-5073-43A8-92F1-FA31FC79CF4C}.Release|ARM.Deploy.0 = Release|ARM
		{53A8EA4B-5073-43A8-92F1-FA31FC79CF4C}.Release|iPhone.ActiveCfg = Release|Any CPU
		{53A8EA4B-5073-43A8-92F1-FA31FC79CF4C}.Release|iPhone.Build.0 = Release|Any CPU
		{53A8EA4B-5073-43A8-92F1-FA31FC79CF4C}.Release|iPhone.Deploy.0 = Release|Any CPU
		{53A8EA4B-5073-43A8-92F1-FA31FC79CF4C}.Release|iPhoneSimulator.ActiveCfg = Release|Any CPU
		{53A8EA4B-5073-43A8-92F1-FA31FC79CF4C}.Release|iPhoneSimulator.Build.0 = Release|Any CPU
		{53A8EA4B-5073-43A8-92F1-FA31FC79CF4C}.Release|iPhoneSimulator.Deploy.0 = Release|Any CPU
		{53A8EA4B-5073-43A8-92F1-FA31FC79CF4C}.Release|x64.ActiveCfg = Release|Any CPU
		{53A8EA4B-5073-43A8-92F1-FA31FC79CF4C}.Release|x64.Build.0 = Release|Any CPU
		{53A8EA4B-5073-43A8-92F1-FA31FC79CF4C}.Release|x64.Deploy.0 = Release|Any CPU
		{53A8EA4B-5073-43A8-92F1-FA31FC79CF4C}.Release|x86.ActiveCfg = Release|x86
		{53A8EA4B-5073-43A8-92F1-FA31FC79CF4C}.Release|x86.Build.0 = Release|x86
		{53A8EA4B-5073-43A8-92F1-FA31FC79CF4C}.Release|x86.Deploy.0 = Release|x86
		{6AA760B7-F718-46C2-B7DB-B406EC48F07C}.Ad-Hoc|Any CPU.ActiveCfg = Release|x86
		{6AA760B7-F718-46C2-B7DB-B406EC48F07C}.Ad-Hoc|Any CPU.Build.0 = Release|x86
		{6AA760B7-F718-46C2-B7DB-B406EC48F07C}.Ad-Hoc|Any CPU.Deploy.0 = Release|x86
		{6AA760B7-F718-46C2-B7DB-B406EC48F07C}.Ad-Hoc|ARM.ActiveCfg = Release|ARM
		{6AA760B7-F718-46C2-B7DB-B406EC48F07C}.Ad-Hoc|ARM.Build.0 = Release|ARM
		{6AA760B7-F718-46C2-B7DB-B406EC48F07C}.Ad-Hoc|ARM.Deploy.0 = Release|ARM
		{6AA760B7-F718-46C2-B7DB-B406EC48F07C}.Ad-Hoc|iPhone.ActiveCfg = Release|x86
		{6AA760B7-F718-46C2-B7DB-B406EC48F07C}.Ad-Hoc|iPhone.Build.0 = Release|x86
		{6AA760B7-F718-46C2-B7DB-B406EC48F07C}.Ad-Hoc|iPhone.Deploy.0 = Release|x86
		{6AA760B7-F718-46C2-B7DB-B406EC48F07C}.Ad-Hoc|iPhoneSimulator.ActiveCfg = Release|x86
		{6AA760B7-F718-46C2-B7DB-B406EC48F07C}.Ad-Hoc|iPhoneSimulator.Build.0 = Release|x86
		{6AA760B7-F718-46C2-B7DB-B406EC48F07C}.Ad-Hoc|iPhoneSimulator.Deploy.0 = Release|x86
		{6AA760B7-F718-46C2-B7DB-B406EC48F07C}.Ad-Hoc|x64.ActiveCfg = Release|x64
		{6AA760B7-F718-46C2-B7DB-B406EC48F07C}.Ad-Hoc|x64.Build.0 = Release|x64
		{6AA760B7-F718-46C2-B7DB-B406EC48F07C}.Ad-Hoc|x64.Deploy.0 = Release|x64
		{6AA760B7-F718-46C2-B7DB-B406EC48F07C}.Ad-Hoc|x86.ActiveCfg = Release|x86
		{6AA760B7-F718-46C2-B7DB-B406EC48F07C}.Ad-Hoc|x86.Build.0 = Release|x86
		{6AA760B7-F718-46C2-B7DB-B406EC48F07C}.Ad-Hoc|x86.Deploy.0 = Release|x86
		{6AA760B7-F718-46C2-B7DB-B406EC48F07C}.AppStore|Any CPU.ActiveCfg = Release|x86
		{6AA760B7-F718-46C2-B7DB-B406EC48F07C}.AppStore|Any CPU.Build.0 = Release|x86
		{6AA760B7-F718-46C2-B7DB-B406EC48F07C}.AppStore|Any CPU.Deploy.0 = Release|x86
		{6AA760B7-F718-46C2-B7DB-B406EC48F07C}.AppStore|ARM.ActiveCfg = Release|ARM
		{6AA760B7-F718-46C2-B7DB-B406EC48F07C}.AppStore|ARM.Build.0 = Release|ARM
		{6AA760B7-F718-46C2-B7DB-B406EC48F07C}.AppStore|ARM.Deploy.0 = Release|ARM
		{6AA760B7-F718-46C2-B7DB-B406EC48F07C}.AppStore|iPhone.ActiveCfg = Release|x86
		{6AA760B7-F718-46C2-B7DB-B406EC48F07C}.AppStore|iPhone.Build.0 = Release|x86
		{6AA760B7-F718-46C2-B7DB-B406EC48F07C}.AppStore|iPhone.Deploy.0 = Release|x86
		{6AA760B7-F718-46C2-B7DB-B406EC48F07C}.AppStore|iPhoneSimulator.ActiveCfg = Release|x86
		{6AA760B7-F718-46C2-B7DB-B406EC48F07C}.AppStore|iPhoneSimulator.Build.0 = Release|x86
		{6AA760B7-F718-46C2-B7DB-B406EC48F07C}.AppStore|iPhoneSimulator.Deploy.0 = Release|x86
		{6AA760B7-F718-46C2-B7DB-B406EC48F07C}.AppStore|x64.ActiveCfg = Release|x64
		{6AA760B7-F718-46C2-B7DB-B406EC48F07C}.AppStore|x64.Build.0 = Release|x64
		{6AA760B7-F718-46C2-B7DB-B406EC48F07C}.AppStore|x64.Deploy.0 = Release|x64
		{6AA760B7-F718-46C2-B7DB-B406EC48F07C}.AppStore|x86.ActiveCfg = Release|x86
		{6AA760B7-F718-46C2-B7DB-B406EC48F07C}.AppStore|x86.Build.0 = Release|x86
		{6AA760B7-F718-46C2-B7DB-B406EC48F07C}.AppStore|x86.Deploy.0 = Release|x86
		{6AA760B7-F718-46C2-B7DB-B406EC48F07C}.Debug|Any CPU.ActiveCfg = Debug|x86
		{6AA760B7-F718-46C2-B7DB-B406EC48F07C}.Debug|ARM.ActiveCfg = Debug|ARM
		{6AA760B7-F718-46C2-B7DB-B406EC48F07C}.Debug|ARM.Build.0 = Debug|ARM
		{6AA760B7-F718-46C2-B7DB-B406EC48F07C}.Debug|ARM.Deploy.0 = Debug|ARM
		{6AA760B7-F718-46C2-B7DB-B406EC48F07C}.Debug|iPhone.ActiveCfg = Debug|x86
		{6AA760B7-F718-46C2-B7DB-B406EC48F07C}.Debug|iPhoneSimulator.ActiveCfg = Debug|x86
		{6AA760B7-F718-46C2-B7DB-B406EC48F07C}.Debug|x64.ActiveCfg = Debug|x64
		{6AA760B7-F718-46C2-B7DB-B406EC48F07C}.Debug|x64.Build.0 = Debug|x64
		{6AA760B7-F718-46C2-B7DB-B406EC48F07C}.Debug|x64.Deploy.0 = Debug|x64
		{6AA760B7-F718-46C2-B7DB-B406EC48F07C}.Debug|x86.ActiveCfg = Debug|x86
		{6AA760B7-F718-46C2-B7DB-B406EC48F07C}.Debug|x86.Build.0 = Debug|x86
		{6AA760B7-F718-46C2-B7DB-B406EC48F07C}.Debug|x86.Deploy.0 = Debug|x86
		{6AA760B7-F718-46C2-B7DB-B406EC48F07C}.Release|Any CPU.ActiveCfg = Release|x86
		{6AA760B7-F718-46C2-B7DB-B406EC48F07C}.Release|ARM.ActiveCfg = Release|ARM
		{6AA760B7-F718-46C2-B7DB-B406EC48F07C}.Release|ARM.Build.0 = Release|ARM
		{6AA760B7-F718-46C2-B7DB-B406EC48F07C}.Release|ARM.Deploy.0 = Release|ARM
		{6AA760B7-F718-46C2-B7DB-B406EC48F07C}.Release|iPhone.ActiveCfg = Release|x86
		{6AA760B7-F718-46C2-B7DB-B406EC48F07C}.Release|iPhoneSimulator.ActiveCfg = Release|x86
		{6AA760B7-F718-46C2-B7DB-B406EC48F07C}.Release|x64.ActiveCfg = Release|x64
		{6AA760B7-F718-46C2-B7DB-B406EC48F07C}.Release|x64.Build.0 = Release|x64
		{6AA760B7-F718-46C2-B7DB-B406EC48F07C}.Release|x64.Deploy.0 = Release|x64
		{6AA760B7-F718-46C2-B7DB-B406EC48F07C}.Release|x86.ActiveCfg = Release|x86
		{6AA760B7-F718-46C2-B7DB-B406EC48F07C}.Release|x86.Build.0 = Release|x86
		{6AA760B7-F718-46C2-B7DB-B406EC48F07C}.Release|x86.Deploy.0 = Release|x86
		{B828164D-3DB6-4060-B031-3C7D698C8B2F}.Ad-Hoc|Any CPU.ActiveCfg = Release|Any CPU
		{B828164D-3DB6-4060-B031-3C7D698C8B2F}.Ad-Hoc|Any CPU.Build.0 = Release|Any CPU
		{B828164D-3DB6-4060-B031-3C7D698C8B2F}.Ad-Hoc|Any CPU.Deploy.0 = Release|Any CPU
		{B828164D-3DB6-4060-B031-3C7D698C8B2F}.Ad-Hoc|ARM.ActiveCfg = Release|ARM
		{B828164D-3DB6-4060-B031-3C7D698C8B2F}.Ad-Hoc|ARM.Build.0 = Release|ARM
		{B828164D-3DB6-4060-B031-3C7D698C8B2F}.Ad-Hoc|ARM.Deploy.0 = Release|ARM
		{B828164D-3DB6-4060-B031-3C7D698C8B2F}.Ad-Hoc|iPhone.ActiveCfg = Release|Any CPU
		{B828164D-3DB6-4060-B031-3C7D698C8B2F}.Ad-Hoc|iPhone.Build.0 = Release|Any CPU
		{B828164D-3DB6-4060-B031-3C7D698C8B2F}.Ad-Hoc|iPhone.Deploy.0 = Release|Any CPU
		{B828164D-3DB6-4060-B031-3C7D698C8B2F}.Ad-Hoc|iPhoneSimulator.ActiveCfg = Release|Any CPU
		{B828164D-3DB6-4060-B031-3C7D698C8B2F}.Ad-Hoc|iPhoneSimulator.Build.0 = Release|Any CPU
		{B828164D-3DB6-4060-B031-3C7D698C8B2F}.Ad-Hoc|iPhoneSimulator.Deploy.0 = Release|Any CPU
		{B828164D-3DB6-4060-B031-3C7D698C8B2F}.Ad-Hoc|x64.ActiveCfg = Release|x64
		{B828164D-3DB6-4060-B031-3C7D698C8B2F}.Ad-Hoc|x64.Build.0 = Release|x64
		{B828164D-3DB6-4060-B031-3C7D698C8B2F}.Ad-Hoc|x64.Deploy.0 = Release|x64
		{B828164D-3DB6-4060-B031-3C7D698C8B2F}.Ad-Hoc|x86.ActiveCfg = Release|x86
		{B828164D-3DB6-4060-B031-3C7D698C8B2F}.Ad-Hoc|x86.Build.0 = Release|x86
		{B828164D-3DB6-4060-B031-3C7D698C8B2F}.Ad-Hoc|x86.Deploy.0 = Release|x86
		{B828164D-3DB6-4060-B031-3C7D698C8B2F}.AppStore|Any CPU.ActiveCfg = Release|Any CPU
		{B828164D-3DB6-4060-B031-3C7D698C8B2F}.AppStore|Any CPU.Build.0 = Release|Any CPU
		{B828164D-3DB6-4060-B031-3C7D698C8B2F}.AppStore|Any CPU.Deploy.0 = Release|Any CPU
		{B828164D-3DB6-4060-B031-3C7D698C8B2F}.AppStore|ARM.ActiveCfg = Release|ARM
		{B828164D-3DB6-4060-B031-3C7D698C8B2F}.AppStore|ARM.Build.0 = Release|ARM
		{B828164D-3DB6-4060-B031-3C7D698C8B2F}.AppStore|ARM.Deploy.0 = Release|ARM
		{B828164D-3DB6-4060-B031-3C7D698C8B2F}.AppStore|iPhone.ActiveCfg = Release|Any CPU
		{B828164D-3DB6-4060-B031-3C7D698C8B2F}.AppStore|iPhone.Build.0 = Release|Any CPU
		{B828164D-3DB6-4060-B031-3C7D698C8B2F}.AppStore|iPhone.Deploy.0 = Release|Any CPU
		{B828164D-3DB6-4060-B031-3C7D698C8B2F}.AppStore|iPhoneSimulator.ActiveCfg = Release|Any CPU
		{B828164D-3DB6-4060-B031-3C7D698C8B2F}.AppStore|iPhoneSimulator.Build.0 = Release|Any CPU
		{B828164D-3DB6-4060-B031-3C7D698C8B2F}.AppStore|iPhoneSimulator.Deploy.0 = Release|Any CPU
		{B828164D-3DB6-4060-B031-3C7D698C8B2F}.AppStore|x64.ActiveCfg = Release|x64
		{B828164D-3DB6-4060-B031-3C7D698C8B2F}.AppStore|x64.Build.0 = Release|x64
		{B828164D-3DB6-4060-B031-3C7D698C8B2F}.AppStore|x64.Deploy.0 = Release|x64
		{B828164D-3DB6-4060-B031-3C7D698C8B2F}.AppStore|x86.ActiveCfg = Release|x86
		{B828164D-3DB6-4060-B031-3C7D698C8B2F}.AppStore|x86.Build.0 = Release|x86
		{B828164D-3DB6-4060-B031-3C7D698C8B2F}.AppStore|x86.Deploy.0 = Release|x86
		{B828164D-3DB6-4060-B031-3C7D698C8B2F}.Debug|Any CPU.ActiveCfg = Debug|Any CPU
		{B828164D-3DB6-4060-B031-3C7D698C8B2F}.Debug|Any CPU.Build.0 = Debug|Any CPU
		{B828164D-3DB6-4060-B031-3C7D698C8B2F}.Debug|Any CPU.Deploy.0 = Debug|Any CPU
		{B828164D-3DB6-4060-B031-3C7D698C8B2F}.Debug|ARM.ActiveCfg = Debug|ARM
		{B828164D-3DB6-4060-B031-3C7D698C8B2F}.Debug|ARM.Build.0 = Debug|ARM
		{B828164D-3DB6-4060-B031-3C7D698C8B2F}.Debug|ARM.Deploy.0 = Debug|ARM
		{B828164D-3DB6-4060-B031-3C7D698C8B2F}.Debug|iPhone.ActiveCfg = Debug|Any CPU
		{B828164D-3DB6-4060-B031-3C7D698C8B2F}.Debug|iPhone.Build.0 = Debug|Any CPU
		{B828164D-3DB6-4060-B031-3C7D698C8B2F}.Debug|iPhone.Deploy.0 = Debug|Any CPU
		{B828164D-3DB6-4060-B031-3C7D698C8B2F}.Debug|iPhoneSimulator.ActiveCfg = Debug|Any CPU
		{B828164D-3DB6-4060-B031-3C7D698C8B2F}.Debug|iPhoneSimulator.Build.0 = Debug|Any CPU
		{B828164D-3DB6-4060-B031-3C7D698C8B2F}.Debug|iPhoneSimulator.Deploy.0 = Debug|Any CPU
		{B828164D-3DB6-4060-B031-3C7D698C8B2F}.Debug|x64.ActiveCfg = Debug|x64
		{B828164D-3DB6-4060-B031-3C7D698C8B2F}.Debug|x64.Build.0 = Debug|x64
		{B828164D-3DB6-4060-B031-3C7D698C8B2F}.Debug|x64.Deploy.0 = Debug|x64
		{B828164D-3DB6-4060-B031-3C7D698C8B2F}.Debug|x86.ActiveCfg = Debug|x86
		{B828164D-3DB6-4060-B031-3C7D698C8B2F}.Debug|x86.Build.0 = Debug|x86
		{B828164D-3DB6-4060-B031-3C7D698C8B2F}.Debug|x86.Deploy.0 = Debug|x86
		{B828164D-3DB6-4060-B031-3C7D698C8B2F}.Release|Any CPU.ActiveCfg = Release|Any CPU
		{B828164D-3DB6-4060-B031-3C7D698C8B2F}.Release|Any CPU.Build.0 = Release|Any CPU
		{B828164D-3DB6-4060-B031-3C7D698C8B2F}.Release|Any CPU.Deploy.0 = Release|Any CPU
		{B828164D-3DB6-4060-B031-3C7D698C8B2F}.Release|ARM.ActiveCfg = Release|ARM
		{B828164D-3DB6-4060-B031-3C7D698C8B2F}.Release|ARM.Build.0 = Release|ARM
		{B828164D-3DB6-4060-B031-3C7D698C8B2F}.Release|ARM.Deploy.0 = Release|ARM
		{B828164D-3DB6-4060-B031-3C7D698C8B2F}.Release|iPhone.ActiveCfg = Release|Any CPU
		{B828164D-3DB6-4060-B031-3C7D698C8B2F}.Release|iPhone.Build.0 = Release|Any CPU
		{B828164D-3DB6-4060-B031-3C7D698C8B2F}.Release|iPhone.Deploy.0 = Release|Any CPU
		{B828164D-3DB6-4060-B031-3C7D698C8B2F}.Release|iPhoneSimulator.ActiveCfg = Release|Any CPU
		{B828164D-3DB6-4060-B031-3C7D698C8B2F}.Release|iPhoneSimulator.Build.0 = Release|Any CPU
		{B828164D-3DB6-4060-B031-3C7D698C8B2F}.Release|iPhoneSimulator.Deploy.0 = Release|Any CPU
		{B828164D-3DB6-4060-B031-3C7D698C8B2F}.Release|x64.ActiveCfg = Release|x64
		{B828164D-3DB6-4060-B031-3C7D698C8B2F}.Release|x64.Build.0 = Release|x64
		{B828164D-3DB6-4060-B031-3C7D698C8B2F}.Release|x64.Deploy.0 = Release|x64
		{B828164D-3DB6-4060-B031-3C7D698C8B2F}.Release|x86.ActiveCfg = Release|x86
		{B828164D-3DB6-4060-B031-3C7D698C8B2F}.Release|x86.Build.0 = Release|x86
		{B828164D-3DB6-4060-B031-3C7D698C8B2F}.Release|x86.Deploy.0 = Release|x86
	EndGlobalSection
	GlobalSection(SolutionProperties) = preSolution
		HideSolutionNode = FALSE
	EndGlobalSection
EndGlobal
